# THIS IS AN AUTOGENERATED FILE. DO NOT EDIT THIS FILE DIRECTLY.
# yarn lockfile v1


dotenv@16.0.1:
  version "16.0.1"
  resolved "https://registry.yarnpkg.com/dotenv/-/dotenv-16.0.1.tgz#8f8f9d94876c35dac989876a5d3a82a267fdce1d"
  integrity sha512-1K6hR6wtk2FviQ4kEiSjFiH5rpzEVi8WW0x96aztHVMhEspNpc4DVOUTEHtEva5VThQ8IaBX1Pe4gSzpVVUsKQ==

zola-bin-darwin@^0.16.2:
  version "0.16.2"
  resolved "https://registry.yarnpkg.com/zola-bin-darwin/-/zola-bin-darwin-0.16.2.tgz#8260e660171d5d6ecc94c8fe3c9fff6af1210888"
  integrity sha512-r3UX4xG7KLZfy8ta9I6MIlPVi60yBJx2z0xdWHJNEUatbRsnSShp2WoJFce/SMTxqxOjbt9gmCJDcAPybNpaYg==

zola-bin-linux@^0.16.2:
  version "0.16.2"
  resolved "https://registry.yarnpkg.com/zola-bin-linux/-/zola-bin-linux-0.16.2.tgz#e59f88b56c07644346e2f91b869d0bbf9bf9dcfa"
  integrity sha512-ZiR1BOOWp6Nd9PqhwN7t7iUx7TokdWlnkmNxeYsGxoflL7ExTkT57yX8xperDO+U3Vut15VUZfFb3c30GKws8w==

zola-bin-win32@^0.16.2:
  version "0.16.2"
  resolved "https://registry.yarnpkg.com/zola-bin-win32/-/zola-bin-win32-0.16.2.tgz#2c8c6478a14c7d3f32ebbe043feca280cd9bec7e"
  integrity sha512-UVvpJllZoWZc/dmVfsI6eGG2R8G5Yqchgfa95RYi/I18ePN4Cz/0Wg3pInqCc37qL0DymYg8czODjQ5eLftYBQ==

zola-bin@^0.3.5:
  version "0.3.5"
  resolved "https://registry.yarnpkg.com/zola-bin/-/zola-bin-0.3.5.tgz#0e5aabcdb87f15b865be31e9259d112ca61025e9"
  integrity sha512-2GjZ3IGdgmzbID3/wkaJo968Lkty/vzt2fbjuBZLCIsiER9LJd6jILYp2jVGm4AjzWsSyxNxCKvhovW32PQokA==
  dependencies:
    dotenv "16.0.1"
  optionalDependencies:
    zola-bin-darwin "^0.16.2"
    zola-bin-linux "^0.16.2"
    zola-bin-win32 "^0.16.2"
